
Microsoft Visual Studio Solution File, Format Version 12.00
# Visual Studio Version 16
VisualStudioVersion = 16.0.31005.135
MinimumVisualStudioVersion = 10.0.40219.1
Project("{FAE04EC0-301F-11D3-BF4B-00C04F79EFBC}") = "n2dapp", "n2dapp\n2dapp.csproj", "{8A65116F-8886-49F7-894D-492F858F9FBD}"
EndProject
Project("{2150E333-8FDC-42A3-9474-1A3956D46DE8}") = "Solution Items", "Solution Items", "{30CA497C-9D32-4853-915A-947DAAA519D9}"
	ProjectSection(SolutionItems) = preProject
		.editorconfig = .editorconfig
	EndProjectSection
EndProject
Global
	GlobalSection(SolutionConfigurationPlatforms) = preSolution
		Debug|Any CPU = Debug|Any CPU
		Release|Any CPU = Release|Any CPU
	EndGlobalSection
	GlobalSection(ProjectConfigurationPlatforms) = postSolution
		{8A65116F-8886-49F7-894D-492F858F9FBD}.Debug|Any CPU.ActiveCfg = Debug|Any CPU
		{8A65116F-8886-49F7-894D-492F858F9FBD}.Debug|Any CPU.Build.0 = Debug|Any CPU
		{8A65116F-8886-49F7-894D-492F858F9FBD}.Release|Any CPU.ActiveCfg = Release|Any CPU
		{8A65116F-8886-49F7-894D-492F858F9FBD}.Release|Any CPU.Build.0 = Release|Any CPU
	EndGlobalSection
	GlobalSection(SolutionProperties) = preSolution
		HideSolutionNode = FALSE
	EndGlobalSection
	GlobalSection(ExtensibilityGlobals) = postSolution
		SolutionGuid = {11E3A0B0-912B-4E16-A234-C16FDF2990BC}
	EndGlobalSection
EndGlobal
