
Microsoft Visual Studio Solution File, Format Version 12.00
# Visual Studio Version 16
VisualStudioVersion = 16.0.31624.102
MinimumVisualStudioVersion = 10.0.40219.1
Project("{FAE04EC0-301F-11D3-BF4B-00C04F79EFBC}") = "N2D22", "N2D22\N2D22.csproj", "{6AC9D1AE-7117-4055-9C22-4CBB999860C8}"
EndProject
Global
	GlobalSection(SolutionConfigurationPlatforms) = preSolution
		Debug|Any CPU = Debug|Any CPU
		Release|Any CPU = Release|Any CPU
	EndGlobalSection
	GlobalSection(ProjectConfigurationPlatforms) = postSolution
		{6AC9D1AE-7117-4055-9C22-4CBB999860C8}.Debug|Any CPU.ActiveCfg = Debug|Any CPU
		{6AC9D1AE-7117-4055-9C22-4CBB999860C8}.Debug|Any CPU.Build.0 = Debug|Any CPU
		{6AC9D1AE-7117-4055-9C22-4CBB999860C8}.Release|Any CPU.ActiveCfg = Release|Any CPU
		{6AC9D1AE-7117-4055-9C22-4CBB999860C8}.Release|Any CPU.Build.0 = Release|Any CPU
	EndGlobalSection
	GlobalSection(SolutionProperties) = preSolution
		HideSolutionNode = FALSE
	EndGlobalSection
	GlobalSection(ExtensibilityGlobals) = postSolution
		SolutionGuid = {DFE82786-2D44-4264-A32F-149736FBA7C1}
	EndGlobalSection
EndGlobal
