
Microsoft Visual Studio Solution File, Format Version 12.00
# Visual Studio Version 16
VisualStudioVersion = 16.0.28803.156
MinimumVisualStudioVersion = 10.0.40219.1
Project("{FAE04EC0-301F-11D3-BF4B-00C04F79EFBC}") = "N2D", "N2D.csproj", "{4A8B75DE-417E-4D1C-9157-62F0BEE7FBF3}"
EndProject
Global
	GlobalSection(SolutionConfigurationPlatforms) = preSolution
		Debug|Any CPU = Debug|Any CPU
		Release|Any CPU = Release|Any CPU
	EndGlobalSection
	GlobalSection(ProjectConfigurationPlatforms) = postSolution
		{4A8B75DE-417E-4D1C-9157-62F0BEE7FBF3}.Debug|Any CPU.ActiveCfg = Debug|Any CPU
		{4A8B75DE-417E-4D1C-9157-62F0BEE7FBF3}.Debug|Any CPU.Build.0 = Debug|Any CPU
		{4A8B75DE-417E-4D1C-9157-62F0BEE7FBF3}.Release|Any CPU.ActiveCfg = Release|Any CPU
		{4A8B75DE-417E-4D1C-9157-62F0BEE7FBF3}.Release|Any CPU.Build.0 = Release|Any CPU
	EndGlobalSection
	GlobalSection(SolutionProperties) = preSolution
		HideSolutionNode = FALSE
	EndGlobalSection
	GlobalSection(ExtensibilityGlobals) = postSolution
		SolutionGuid = {534B2ACA-A93F-411D-B387-CFC11587A13B}
	EndGlobalSection
EndGlobal
