
Microsoft Visual Studio Solution File, Format Version 12.00
# Visual Studio Version 16
VisualStudioVersion = 16.0.30621.155
MinimumVisualStudioVersion = 10.0.40219.1
Project("{FAE04EC0-301F-11D3-BF4B-00C04F79EFBC}") = "N2D", "N2D\N2D.csproj", "{8FDBDF63-4946-4F7B-8BCF-105AA1E344AF}"
EndProject
Global
	GlobalSection(SolutionConfigurationPlatforms) = preSolution
		Debug|Any CPU = Debug|Any CPU
		Release|Any CPU = Release|Any CPU
	EndGlobalSection
	GlobalSection(ProjectConfigurationPlatforms) = postSolution
		{8FDBDF63-4946-4F7B-8BCF-105AA1E344AF}.Debug|Any CPU.ActiveCfg = Debug|Any CPU
		{8FDBDF63-4946-4F7B-8BCF-105AA1E344AF}.Debug|Any CPU.Build.0 = Debug|Any CPU
		{8FDBDF63-4946-4F7B-8BCF-105AA1E344AF}.Release|Any CPU.ActiveCfg = Release|Any CPU
		{8FDBDF63-4946-4F7B-8BCF-105AA1E344AF}.Release|Any CPU.Build.0 = Release|Any CPU
	EndGlobalSection
	GlobalSection(SolutionProperties) = preSolution
		HideSolutionNode = FALSE
	EndGlobalSection
	GlobalSection(ExtensibilityGlobals) = postSolution
		SolutionGuid = {673ED4C0-8FD3-4184-8A03-E215CDD15F17}
	EndGlobalSection
EndGlobal
